// !$*UTF8*$!
{
	archiveVersion = 1;
	classes = {
	};
	objectVersion = 77;
	objects = {

/* Begin PBXContainerItemProxy section */
		7DFD30CE2D04833C009AA83F /* PBXContainerItemProxy */ = {
			isa = PBXContainerItemProxy;
			containerPortal = 7DFD30B52D04833B009AA83F /* Project object */;
			proxyType = 1;
			remoteGlobalIDString = 7DFD30BC2D04833B009AA83F;
			remoteInfo = AlarmModel;
		};
		7DFD30D82D04833C009AA83F /* PBXContainerItemProxy */ = {
			isa = PBXContainerItemProxy;
			containerPortal = 7DFD30B52D04833B009AA83F /* Project object */;
			proxyType = 1;
			remoteGlobalIDString = 7DFD30BC2D04833B009AA83F;
			remoteInfo = AlarmModel;
		};
/* End PBXContainerItemProxy section */

/* Begin PBXFileReference section */
		7DFD30BD2D04833B009AA83F /* AlarmModel.app */ = {isa = PBXFileReference; explicitFileType = wrapper.application; includeInIndex = 0; path = AlarmModel.app; sourceTree = BUILT_PRODUCTS_DIR; };
		7DFD30CD2D04833C009AA83F /* AlarmModelTests.xctest */ = {isa = PBXFileReference; explicitFileType = wrapper.cfbundle; includeInIndex = 0; path = AlarmModelTests.xctest; sourceTree = BUILT_PRODUCTS_DIR; };
		7DFD30D72D04833C009AA83F /* AlarmModelUITests.xctest */ = {isa = PBXFileReference; explicitFileType = wrapper.cfbundle; includeInIndex = 0; path = AlarmModelUITests.xctest; sourceTree = BUILT_PRODUCTS_DIR; };
/* End PBXFileReference section */

/* Begin PBXFileSystemSynchronizedRootGroup section */
		7DFD30BF2D04833B009AA83F /* AlarmModel */ = {
			isa = PBXFileSystemSynchronizedRootGroup;
			path = AlarmModel;
			sourceTree = "<group>";
		};
		7DFD30D02D04833C009AA83F /* AlarmModelTests */ = {
			isa = PBXFileSystemSynchronizedRootGroup;
			path = AlarmModelTests;
			sourceTree = "<group>";
		};
		7DFD30DA2D04833C009AA83F /* AlarmModelUITests */ = {
			isa = PBXFileSystemSynchronizedRootGroup;
			path = AlarmModelUITests;
			sourceTree = "<group>";
		};
/* End PBXFileSystemSynchronizedRootGroup section */

/* Begin PBXFrameworksBuildPhase section */
		7DFD30BA2D04833B009AA83F /* Frameworks */ = {
			isa = PBXFrameworksBuildPhase;
			buildActionMask = 2147483647;
			files = (
			);
			runOnlyForDeploymentPostprocessing = 0;
		};
		7DFD30CA2D04833C009AA83F /* Frameworks */ = {
			isa = PBXFrameworksBuildPhase;
			buildActionMask = 2147483647;
			files = (
			);
			runOnlyForDeploymentPostprocessing = 0;
		};
		7DFD30D42D04833C009AA83F /* Frameworks */ = {
			isa = PBXFrameworksBuildPhase;
			buildActionMask = 2147483647;
			files = (
			);
			runOnlyForDeploymentPostprocessing = 0;
		};
/* End PBXFrameworksBuildPhase section */

/* Begin PBXGroup section */
		7DFD30B42D04833B009AA83F = {
			isa = PBXGroup;
			children = (
				7DFD30BF2D04833B009AA83F /* AlarmModel */,
				7DFD30D02D04833C009AA83F /* AlarmModelTests */,
				7DFD30DA2D04833C009AA83F /* AlarmModelUITests */,
				7DFD30BE2D04833B009AA83F /* Products */,
			);
			sourceTree = "<group>";
		};
		7DFD30BE2D04833B009AA83F /* Products */ = {
			isa = PBXGroup;
			children = (
				7DFD30BD2D04833B009AA83F /* AlarmModel.app */,
				7DFD30CD2D04833C009AA83F /* AlarmModelTests.xctest */,
				7DFD30D72D04833C009AA83F /* AlarmModelUITests.xctest */,
			);
			name = Products;
			sourceTree = "<group>";
		};
/* End PBXGroup section */

/* Begin PBXNativeTarget section */
		7DFD30BC2D04833B009AA83F /* AlarmModel */ = {
			isa = PBXNativeTarget;
			buildConfigurationList = 7DFD30E12D04833C009AA83F /* Build configuration list for PBXNativeTarget "AlarmModel" */;
			buildPhases = (
				7DFD30B92D04833B009AA83F /* Sources */,
				7DFD30BA2D04833B009AA83F /* Frameworks */,
				7DFD30BB2D04833B009AA83F /* Resources */,
			);
			buildRules = (
			);
			dependencies = (
			);
			fileSystemSynchronizedGroups = (
				7DFD30BF2D04833B009AA83F /* AlarmModel */,
			);
			name = AlarmModel;
			packageProductDependencies = (
			);
			productName = AlarmModel;
			productReference = 7DFD30BD2D04833B009AA83F /* AlarmModel.app */;
			productType = "com.apple.product-type.application";
		};
		7DFD30CC2D04833C009AA83F /* AlarmModelTests */ = {
			isa = PBXNativeTarget;
			buildConfigurationList = 7DFD30E42D04833C009AA83F /* Build configuration list for PBXNativeTarget "AlarmModelTests" */;
			buildPhases = (
				7DFD30C92D04833C009AA83F /* Sources */,
				7DFD30CA2D04833C009AA83F /* Frameworks */,
				7DFD30CB2D04833C009AA83F /* Resources */,
			);
			buildRules = (
			);
			dependencies = (
				7DFD30CF2D04833C009AA83F /* PBXTargetDependency */,
			);
			fileSystemSynchronizedGroups = (
				7DFD30D02D04833C009AA83F /* AlarmModelTests */,
			);
			name = AlarmModelTests;
			packageProductDependencies = (
			);
			productName = AlarmModelTests;
			productReference = 7DFD30CD2D04833C009AA83F /* AlarmModelTests.xctest */;
			productType = "com.apple.product-type.bundle.unit-test";
		};
		7DFD30D62D04833C009AA83F /* AlarmModelUITests */ = {
			isa = PBXNativeTarget;
			buildConfigurationList = 7DFD30E72D04833C009AA83F /* Build configuration list for PBXNativeTarget "AlarmModelUITests" */;
			buildPhases = (
				7DFD30D32D04833C009AA83F /* Sources */,
				7DFD30D42D04833C009AA83F /* Frameworks */,
				7DFD30D52D04833C009AA83F /* Resources */,
			);
			buildRules = (
			);
			dependencies = (
				7DFD30D92D04833C009AA83F /* PBXTargetDependency */,
			);
			fileSystemSynchronizedGroups = (
				7DFD30DA2D04833C009AA83F /* AlarmModelUITests */,
			);
			name = AlarmModelUITests;
			packageProductDependencies = (
			);
			productName = AlarmModelUITests;
			productReference = 7DFD30D72D04833C009AA83F /* AlarmModelUITests.xctest */;
			productType = "com.apple.product-type.bundle.ui-testing";
		};
/* End PBXNativeTarget section */

/* Begin PBXProject section */
		7DFD30B52D04833B009AA83F /* Project object */ = {
			isa = PBXProject;
			attributes = {
				BuildIndependentTargetsInParallel = 1;
				LastSwiftUpdateCheck = 1610;
				LastUpgradeCheck = 1610;
				TargetAttributes = {
					7DFD30BC2D04833B009AA83F = {
						CreatedOnToolsVersion = 16.1;
					};
					7DFD30CC2D04833C009AA83F = {
						CreatedOnToolsVersion = 16.1;
						TestTargetID = 7DFD30BC2D04833B009AA83F;
					};
					7DFD30D62D04833C009AA83F = {
						CreatedOnToolsVersion = 16.1;
						TestTargetID = 7DFD30BC2D04833B009AA83F;
					};
				};
			};
			buildConfigurationList = 7DFD30B82D04833B009AA83F /* Build configuration list for PBXProject "AlarmModel" */;
			developmentRegion = en;
			hasScannedForEncodings = 0;
			knownRegions = (
				en,
				Base,
			);
			mainGroup = 7DFD30B42D04833B009AA83F;
			minimizedProjectReferenceProxies = 1;
			preferredProjectObjectVersion = 77;
			productRefGroup = 7DFD30BE2D04833B009AA83F /* Products */;
			projectDirPath = "";
			projectRoot = "";
			targets = (
				7DFD30BC2D04833B009AA83F /* AlarmModel */,
				7DFD30CC2D04833C009AA83F /* AlarmModelTests */,
				7DFD30D62D04833C009AA83F /* AlarmModelUITests */,
			);
		};
/* End PBXProject section */

/* Begin PBXResourcesBuildPhase section */
		7DFD30BB2D04833B009AA83F /* Resources */ = {
			isa = PBXResourcesBuildPhase;
			buildActionMask = 2147483647;
			files = (
			);
			runOnlyForDeploymentPostprocessing = 0;
		};
		7DFD30CB2D04833C009AA83F /* Resources */ = {
			isa = PBXResourcesBuildPhase;
			buildActionMask = 2147483647;
			files = (
			);
			runOnlyForDeploymentPostprocessing = 0;
		};
		7DFD30D52D04833C009AA83F /* Resources */ = {
			isa = PBXResourcesBuildPhase;
			buildActionMask = 2147483647;
			files = (
			);
			runOnlyForDeploymentPostprocessing = 0;
		};
/* End PBXResourcesBuildPhase section */

/* Begin PBXSourcesBuildPhase section */
		7DFD30B92D04833B009AA83F /* Sources */ = {
			isa = PBXSourcesBuildPhase;
			buildActionMask = 2147483647;
			files = (
			);
			runOnlyForDeploymentPostprocessing = 0;
		};
		7DFD30C92D04833C009AA83F /* Sources */ = {
			isa = PBXSourcesBuildPhase;
			buildActionMask = 2147483647;
			files = (
			);
			runOnlyForDeploymentPostprocessing = 0;
		};
		7DFD30D32D04833C009AA83F /* Sources */ = {
			isa = PBXSourcesBuildPhase;
			buildActionMask = 2147483647;
			files = (
			);
			runOnlyForDeploymentPostprocessing = 0;
		};
/* End PBXSourcesBuildPhase section */

/* Begin PBXTargetDependency section */
		7DFD30CF2D04833C009AA83F /* PBXTargetDependency */ = {
			isa = PBXTargetDependency;
			target = 7DFD30BC2D04833B009AA83F /* AlarmModel */;
			targetProxy = 7DFD30CE2D04833C009AA83F /* PBXContainerItemProxy */;
		};
		7DFD30D92D04833C009AA83F /* PBXTargetDependency */ = {
			isa = PBXTargetDependency;
			target = 7DFD30BC2D04833B009AA83F /* AlarmModel */;
			targetProxy = 7DFD30D82D04833C009AA83F /* PBXContainerItemProxy */;
		};
/* End PBXTargetDependency section */

/* Begin XCBuildConfiguration section */
		7DFD30DF2D04833C009AA83F /* Debug */ = {
			isa = XCBuildConfiguration;
			buildSettings = {
				ALWAYS_SEARCH_USER_PATHS = NO;
				ASSETCATALOG_COMPILER_GENERATE_SWIFT_ASSET_SYMBOL_EXTENSIONS = YES;
				CLANG_ANALYZER_NONNULL = YES;
				CLANG_ANALYZER_NUMBER_OBJECT_CONVERSION = YES_AGGRESSIVE;
				CLANG_CXX_LANGUAGE_STANDARD = "gnu++20";
				CLANG_ENABLE_MODULES = YES;
				CLANG_ENABLE_OBJC_ARC = YES;
				CLANG_ENABLE_OBJC_WEAK = YES;
				CLANG_WARN_BLOCK_CAPTURE_AUTORELEASING = YES;
				CLANG_WARN_BOOL_CONVERSION = YES;
				CLANG_WARN_COMMA = YES;
				CLANG_WARN_CONSTANT_CONVERSION = YES;
				CLANG_WARN_DEPRECATED_OBJC_IMPLEMENTATIONS = YES;
				CLANG_WARN_DIRECT_OBJC_ISA_USAGE = YES_ERROR;
				CLANG_WARN_DOCUMENTATION_COMMENTS = YES;
				CLANG_WARN_EMPTY_BODY = YES;
				CLANG_WARN_ENUM_CONVERSION = YES;
				CLANG_WARN_INFINITE_RECURSION = YES;
				CLANG_WARN_INT_CONVERSION = YES;
				CLANG_WARN_NON_LITERAL_NULL_CONVERSION = YES;
				CLANG_WARN_OBJC_IMPLICIT_RETAIN_SELF = YES;
				CLANG_WARN_OBJC_LITERAL_CONVERSION = YES;
				CLANG_WARN_OBJC_ROOT_CLASS = YES_ERROR;
				CLANG_WARN_QUOTED_INCLUDE_IN_FRAMEWORK_HEADER = YES;
				CLANG_WARN_RANGE_LOOP_ANALYSIS = YES;
				CLANG_WARN_STRICT_PROTOTYPES = YES;
				CLANG_WARN_SUSPICIOUS_MOVE = YES;
				CLANG_WARN_UNGUARDED_AVAILABILITY = YES_AGGRESSIVE;
				CLANG_WARN_UNREACHABLE_CODE = YES;
				CLANG_WARN__DUPLICATE_METHOD_MATCH = YES;
				COPY_PHASE_STRIP = NO;
				DEBUG_INFORMATION_FORMAT = dwarf;
				ENABLE_STRICT_OBJC_MSGSEND = YES;
				ENABLE_TESTABILITY = YES;
				ENABLE_USER_SCRIPT_SANDBOXING = YES;
				GCC_C_LANGUAGE_STANDARD = gnu17;
				GCC_DYNAMIC_NO_PIC = NO;
				GCC_NO_COMMON_BLOCKS = YES;
				GCC_OPTIMIZATION_LEVEL = 0;
				GCC_PREPROCESSOR_DEFINITIONS = (
					"DEBUG=1",
					"$(inherited)",
				);
				GCC_WARN_64_TO_32_BIT_CONVERSION = YES;
				GCC_WARN_ABOUT_RETURN_TYPE = YES_ERROR;
				GCC_WARN_UNDECLARED_SELECTOR = YES;
				GCC_WARN_UNINITIALIZED_AUTOS = YES_AGGRESSIVE;
				GCC_WARN_UNUSED_FUNCTION = YES;
				GCC_WARN_UNUSED_VARIABLE = YES;
				IPHONEOS_DEPLOYMENT_TARGET = 18.1;
				LOCALIZATION_PREFERS_STRING_CATALOGS = YES;
				MTL_ENABLE_DEBUG_INFO = INCLUDE_SOURCE;
				MTL_FAST_MATH = YES;
				ONLY_ACTIVE_ARCH = YES;
				SDKROOT = iphoneos;
				SWIFT_ACTIVE_COMPILATION_CONDITIONS = "DEBUG $(inherited)";
				SWIFT_OPTIMIZATION_LEVEL = "-Onone";
			};
			name = Debug;
		};
		7DFD30E02D04833C009AA83F /* Release */ = {
			isa = XCBuildConfiguration;
			buildSettings = {
				ALWAYS_SEARCH_USER_PATHS = NO;
				ASSETCATALOG_COMPILER_GENERATE_SWIFT_ASSET_SYMBOL_EXTENSIONS = YES;
				CLANG_ANALYZER_NONNULL = YES;
				CLANG_ANALYZER_NUMBER_OBJECT_CONVERSION = YES_AGGRESSIVE;
				CLANG_CXX_LANGUAGE_STANDARD = "gnu++20";
				CLANG_ENABLE_MODULES = YES;
				CLANG_ENABLE_OBJC_ARC = YES;
				CLANG_ENABLE_OBJC_WEAK = YES;
				CLANG_WARN_BLOCK_CAPTURE_AUTORELEASING = YES;
				CLANG_WARN_BOOL_CONVERSION = YES;
				CLANG_WARN_COMMA = YES;
				CLANG_WARN_CONSTANT_CONVERSION = YES;
				CLANG_WARN_DEPRECATED_OBJC_IMPLEMENTATIONS = YES;
				CLANG_WARN_DIRECT_OBJC_ISA_USAGE = YES_ERROR;
				CLANG_WARN_DOCUMENTATION_COMMENTS = YES;
				CLANG_WARN_EMPTY_BODY = YES;
				CLANG_WARN_ENUM_CONVERSION = YES;
				CLANG_WARN_INFINITE_RECURSION = YES;
				CLANG_WARN_INT_CONVERSION = YES;
				CLANG_WARN_NON_LITERAL_NULL_CONVERSION = YES;
				CLANG_WARN_OBJC_IMPLICIT_RETAIN_SELF = YES;
				CLANG_WARN_OBJC_LITERAL_CONVERSION = YES;
				CLANG_WARN_OBJC_ROOT_CLASS = YES_ERROR;
				CLANG_WARN_QUOTED_INCLUDE_IN_FRAMEWORK_HEADER = YES;
				CLANG_WARN_RANGE_LOOP_ANALYSIS = YES;
				CLANG_WARN_STRICT_PROTOTYPES = YES;
				CLANG_WARN_SUSPICIOUS_MOVE = YES;
				CLANG_WARN_UNGUARDED_AVAILABILITY = YES_AGGRESSIVE;
				CLANG_WARN_UNREACHABLE_CODE = YES;
				CLANG_WARN__DUPLICATE_METHOD_MATCH = YES;
				COPY_PHASE_STRIP = NO;
				DEBUG_INFORMATION_FORMAT = "dwarf-with-dsym";
				ENABLE_NS_ASSERTIONS = NO;
				ENABLE_STRICT_OBJC_MSGSEND = YES;
				ENABLE_USER_SCRIPT_SANDBOXING = YES;
				GCC_C_LANGUAGE_STANDARD = gnu17;
				GCC_NO_COMMON_BLOCKS = YES;
				GCC_WARN_64_TO_32_BIT_CONVERSION = YES;
				GCC_WARN_ABOUT_RETURN_TYPE = YES_ERROR;
				GCC_WARN_UNDECLARED_SELECTOR = YES;
				GCC_WARN_UNINITIALIZED_AUTOS = YES_AGGRESSIVE;
				GCC_WARN_UNUSED_FUNCTION = YES;
				GCC_WARN_UNUSED_VARIABLE = YES;
				IPHONEOS_DEPLOYMENT_TARGET = 18.1;
				LOCALIZATION_PREFERS_STRING_CATALOGS = YES;
				MTL_ENABLE_DEBUG_INFO = NO;
				MTL_FAST_MATH = YES;
				SDKROOT = iphoneos;
				SWIFT_COMPILATION_MODE = wholemodule;
				VALIDATE_PRODUCT = YES;
			};
			name = Release;
		};
		7DFD30E22D04833C009AA83F /* Debug */ = {
			isa = XCBuildConfiguration;
			buildSettings = {
				ASSETCATALOG_COMPILER_APPICON_NAME = AppIcon;
				ASSETCATALOG_COMPILER_GLOBAL_ACCENT_COLOR_NAME = AccentColor;
				CODE_SIGN_STYLE = Automatic;
				CURRENT_PROJECT_VERSION = 1;
				DEVELOPMENT_ASSET_PATHS = "\"AlarmModel/Preview Content\"";
				DEVELOPMENT_TEAM = CXJ54T3Z4P;
				ENABLE_PREVIEWS = YES;
				GENERATE_INFOPLIST_FILE = YES;
				INFOPLIST_KEY_UIApplicationSceneManifest_Generation = YES;
				INFOPLIST_KEY_UIApplicationSupportsIndirectInputEvents = YES;
				INFOPLIST_KEY_UILaunchScreen_Generation = YES;
				INFOPLIST_KEY_UISupportedInterfaceOrientations_iPad = "UIInterfaceOrientationPortrait UIInterfaceOrientationPortraitUpsideDown UIInterfaceOrientationLandscapeLeft UIInterfaceOrientationLandscapeRight";
				INFOPLIST_KEY_UISupportedInterfaceOrientations_iPhone = "UIInterfaceOrientationPortrait UIInterfaceOrientationLandscapeLeft UIInterfaceOrientationLandscapeRight";
				LD_RUNPATH_SEARCH_PATHS = (
					"$(inherited)",
					"@executable_path/Frameworks",
				);
				MARKETING_VERSION = 1.0;
				PRODUCT_BUNDLE_IDENTIFIER = com.runoob.AlarmModel;
				PRODUCT_NAME = "$(TARGET_NAME)";
				SWIFT_EMIT_LOC_STRINGS = YES;
				SWIFT_VERSION = 5.0;
				TARGETED_DEVICE_FAMILY = "1,2";
			};
			name = Debug;
		};
		7DFD30E32D04833C009AA83F /* Release */ = {
			isa = XCBuildConfiguration;
			buildSettings = {
				ASSETCATALOG_COMPILER_APPICON_NAME = AppIcon;
				ASSETCATALOG_COMPILER_GLOBAL_ACCENT_COLOR_NAME = AccentColor;
				CODE_SIGN_STYLE = Automatic;
				CURRENT_PROJECT_VERSION = 1;
				DEVELOPMENT_ASSET_PATHS = "\"AlarmModel/Preview Content\"";
				DEVELOPMENT_TEAM = CXJ54T3Z4P;
				ENABLE_PREVIEWS = YES;
				GENERATE_INFOPLIST_FILE = YES;
				INFOPLIST_KEY_UIApplicationSceneManifest_Generation = YES;
				INFOPLIST_KEY_UIApplicationSupportsIndirectInputEvents = YES;
				INFOPLIST_KEY_UILaunchScreen_Generation = YES;
				INFOPLIST_KEY_UISupportedInterfaceOrientations_iPad = "UIInterfaceOrientationPortrait UIInterfaceOrientationPortraitUpsideDown UIInterfaceOrientationLandscapeLeft UIInterfaceOrientationLandscapeRight";
				INFOPLIST_KEY_UISupportedInterfaceOrientations_iPhone = "UIInterfaceOrientationPortrait UIInterfaceOrientationLandscapeLeft UIInterfaceOrientationLandscapeRight";
				LD_RUNPATH_SEARCH_PATHS = (
					"$(inherited)",
					"@executable_path/Frameworks",
				);
				MARKETING_VERSION = 1.0;
				PRODUCT_BUNDLE_IDENTIFIER = com.runoob.AlarmModel;
				PRODUCT_NAME = "$(TARGET_NAME)";
				SWIFT_EMIT_LOC_STRINGS = YES;
				SWIFT_VERSION = 5.0;
				TARGETED_DEVICE_FAMILY = "1,2";
			};
			name = Release;
		};
		7DFD30E52D04833C009AA83F /* Debug */ = {
			isa = XCBuildConfiguration;
			buildSettings = {
				BUNDLE_LOADER = "$(TEST_HOST)";
				CODE_SIGN_STYLE = Automatic;
				CURRENT_PROJECT_VERSION = 1;
				DEVELOPMENT_TEAM = CXJ54T3Z4P;
				GENERATE_INFOPLIST_FILE = YES;
				IPHONEOS_DEPLOYMENT_TARGET = 18.1;
				MARKETING_VERSION = 1.0;
				PRODUCT_BUNDLE_IDENTIFIER = com.runoob.AlarmModelTests;
				PRODUCT_NAME = "$(TARGET_NAME)";
				SWIFT_EMIT_LOC_STRINGS = NO;
				SWIFT_VERSION = 5.0;
				TARGETED_DEVICE_FAMILY = "1,2";
				TEST_HOST = "$(BUILT_PRODUCTS_DIR)/AlarmModel.app/$(BUNDLE_EXECUTABLE_FOLDER_PATH)/AlarmModel";
			};
			name = Debug;
		};
		7DFD30E62D04833C009AA83F /* Release */ = {
			isa = XCBuildConfiguration;
			buildSettings = {
				BUNDLE_LOADER = "$(TEST_HOST)";
				CODE_SIGN_STYLE = Automatic;
				CURRENT_PROJECT_VERSION = 1;
				DEVELOPMENT_TEAM = CXJ54T3Z4P;
				GENERATE_INFOPLIST_FILE = YES;
				IPHONEOS_DEPLOYMENT_TARGET = 18.1;
				MARKETING_VERSION = 1.0;
				PRODUCT_BUNDLE_IDENTIFIER = com.runoob.AlarmModelTests;
				PRODUCT_NAME = "$(TARGET_NAME)";
				SWIFT_EMIT_LOC_STRINGS = NO;
				SWIFT_VERSION = 5.0;
				TARGETED_DEVICE_FAMILY = "1,2";
				TEST_HOST = "$(BUILT_PRODUCTS_DIR)/AlarmModel.app/$(BUNDLE_EXECUTABLE_FOLDER_PATH)/AlarmModel";
			};
			name = Release;
		};
		7DFD30E82D04833C009AA83F /* Debug */ = {
			isa = XCBuildConfiguration;
			buildSettings = {
				CODE_SIGN_STYLE = Automatic;
				CURRENT_PROJECT_VERSION = 1;
				DEVELOPMENT_TEAM = CXJ54T3Z4P;
				GENERATE_INFOPLIST_FILE = YES;
				MARKETING_VERSION = 1.0;
				PRODUCT_BUNDLE_IDENTIFIER = com.runoob.AlarmModelUITests;
				PRODUCT_NAME = "$(TARGET_NAME)";
				SWIFT_EMIT_LOC_STRINGS = NO;
				SWIFT_VERSION = 5.0;
				TARGETED_DEVICE_FAMILY = "1,2";
				TEST_TARGET_NAME = AlarmModel;
			};
			name = Debug;
		};
		7DFD30E92D04833C009AA83F /* Release */ = {
			isa = XCBuildConfiguration;
			buildSettings = {
				CODE_SIGN_STYLE = Automatic;
				CURRENT_PROJECT_VERSION = 1;
				DEVELOPMENT_TEAM = CXJ54T3Z4P;
				GENERATE_INFOPLIST_FILE = YES;
				MARKETING_VERSION = 1.0;
				PRODUCT_BUNDLE_IDENTIFIER = com.runoob.AlarmModelUITests;
				PRODUCT_NAME = "$(TARGET_NAME)";
				SWIFT_EMIT_LOC_STRINGS = NO;
				SWIFT_VERSION = 5.0;
				TARGETED_DEVICE_FAMILY = "1,2";
				TEST_TARGET_NAME = AlarmModel;
			};
			name = Release;
		};
/* End XCBuildConfiguration section */

/* Begin XCConfigurationList section */
		7DFD30B82D04833B009AA83F /* Build configuration list for PBXProject "AlarmModel" */ = {
			isa = XCConfigurationList;
			buildConfigurations = (
				7DFD30DF2D04833C009AA83F /* Debug */,
				7DFD30E02D04833C009AA83F /* Release */,
			);
			defaultConfigurationIsVisible = 0;
			defaultConfigurationName = Release;
		};
		7DFD30E12D04833C009AA83F /* Build configuration list for PBXNativeTarget "AlarmModel" */ = {
			isa = XCConfigurationList;
			buildConfigurations = (
				7DFD30E22D04833C009AA83F /* Debug */,
				7DFD30E32D04833C009AA83F /* Release */,
			);
			defaultConfigurationIsVisible = 0;
			defaultConfigurationName = Release;
		};
		7DFD30E42D04833C009AA83F /* Build configuration list for PBXNativeTarget "AlarmModelTests" */ = {
			isa = XCConfigurationList;
			buildConfigurations = (
				7DFD30E52D04833C009AA83F /* Debug */,
				7DFD30E62D04833C009AA83F /* Release */,
			);
			defaultConfigurationIsVisible = 0;
			defaultConfigurationName = Release;
		};
		7DFD30E72D04833C009AA83F /* Build configuration list for PBXNativeTarget "AlarmModelUITests" */ = {
			isa = XCConfigurationList;
			buildConfigurations = (
				7DFD30E82D04833C009AA83F /* Debug */,
				7DFD30E92D04833C009AA83F /* Release */,
			);
			defaultConfigurationIsVisible = 0;
			defaultConfigurationName = Release;
		};
/* End XCConfigurationList section */
	};
	rootObject = 7DFD30B52D04833B009AA83F /* Project object */;
}
